PODS:
  - AFNetworking (3.0.4):
    - AFNetworking/NSURLSession (= 3.0.4)
    - AFNetworking/Reachability (= 3.0.4)
    - AFNetworking/Security (= 3.0.4)
    - AFNetworking/Serialization (= 3.0.4)
    - AFNetworking/UIKit (= 3.0.4)
  - AFNetworking/NSURLSession (3.0.4):
    - AFNetworking/Reachability
    - AFNetworking/Security
    - AFNetworking/Serialization
  - AFNetworking/Reachability (3.0.4)
  - AFNetworking/Security (3.0.4)
  - AFNetworking/Serialization (3.0.4)
  - AFNetworking/UIKit (3.0.4):
    - AFNetworking/NSURLSession
  - EaseMobSDKFull (2.2.6)
  - MagicalRecord (2.3.2):
    - MagicalRecord/Core (= 2.3.2)
  - MagicalRecord/Core (2.3.2)
  - Mantle (2.0.6):
    - Mantle/extobjc (= 2.0.6)
  - Mantle/extobjc (2.0.6)
  - MBProgressHUD (0.9.2)
  - MJRefresh (3.1.0)
  - SDAutoLayout (2.1.2)
  - TTTAttributedLabel (1.13.4)
  - YYCache (1.0.3)
  - YYImage (1.0.3):
    - YYImage/Core (= 1.0.3)
  - YYImage/Core (1.0.3)
  - YYWebImage (1.0.4):
    - YYCache
    - YYImage

DEPENDENCIES:
  - AFNetworking
  - EaseMobSDKFull
  - MagicalRecord
  - Mantle
  - MBProgressHUD
  - MJRefresh
  - SDAutoLayout
  - TTTAttributedLabel
  - YYWebImage

SPEC CHECKSUMS:
  AFNetworking: a0075feb321559dc78d9d85b55d11caa19eabb93
  EaseMobSDKFull: ea532260888e112f024d41cb6431e950d5d32d56
  MagicalRecord: 53bed74b4323b930992a725be713e53b37d19755
  Mantle: 299966b00759634931699f69cb6a30b9239b944d
  MBProgressHUD: 1569cf7ace17a8bac47aabfbb8580a49690386d1
  MJRefresh: 743e6404967d1c2c688472ea3ecfde247d872db4
  SDAutoLayout: 4910758003bbb043003700915b00f53fbc2bf512
  TTTAttributedLabel: 0a2ac7b2dd726d32a070dafb01446026b11e624f
  YYCache: 282f35b5b0990833d0b7a06d864a87141a021da2
  YYImage: 362f44ffba1fc498f2152060f3bb54ed84600981
  YYWebImage: 0431ed108e104527669b86f75efd58958425cca2

PODFILE CHECKSUM: 1b3a72d970d9b578ca9ed569d6d0e2fe8bbb4182

COCOAPODS: 1.0.1
